// !$*UTF8*$!
{
	archiveVersion = 1;
	classes = {
	};
	objectVersion = 56;
	objects = {

/* Begin PBXBuildFile section */
		C94C23B129CC9FE800ECF3EF /* PointrApp.swift in Sources */ = {isa = PBXBuildFile; fileRef = C94C23B029CC9FE800ECF3EF /* PointrApp.swift */; };
		C94C23B329CC9FE800ECF3EF /* ContentView.swift in Sources */ = {isa = PBXBuildFile; fileRef = C94C23B229CC9FE800ECF3EF /* ContentView.swift */; };
		C94C23B529CC9FEA00ECF3EF /* Assets.xcassets in Resources */ = {isa = PBXBuildFile; fileRef = C94C23B429CC9FEA00ECF3EF /* Assets.xcassets */; };
		C94C23B829CC9FEA00ECF3EF /* Preview Assets.xcassets in Resources */ = {isa = PBXBuildFile; fileRef = C94C23B729CC9FEA00ECF3EF /* Preview Assets.xcassets */; };
		C94C23C429CCD87D00ECF3EF /* LogView.swift in Sources */ = {isa = PBXBuildFile; fileRef = C94C23C329CCD87D00ECF3EF /* LogView.swift */; };
		C94C23C729CCD8A500ECF3EF /* LogModel.swift in Sources */ = {isa = PBXBuildFile; fileRef = C94C23C629CCD8A500ECF3EF /* LogModel.swift */; };
/* End PBXBuildFile section */

/* Begin PBXFileReference section */
		C94C23AD29CC9FE800ECF3EF /* Pointr.app */ = {isa = PBXFileReference; explicitFileType = wrapper.application; includeInIndex = 0; path = Pointr.app; sourceTree = BUILT_PRODUCTS_DIR; };
		C94C23B029CC9FE800ECF3EF /* PointrApp.swift */ = {isa = PBXFileReference; lastKnownFileType = sourcecode.swift; path = PointrApp.swift; sourceTree = "<group>"; };
		C94C23B229CC9FE800ECF3EF /* ContentView.swift */ = {isa = PBXFileReference; lastKnownFileType = sourcecode.swift; path = ContentView.swift; sourceTree = "<group>"; };
		C94C23B429CC9FEA00ECF3EF /* Assets.xcassets */ = {isa = PBXFileReference; lastKnownFileType = folder.assetcatalog; path = Assets.xcassets; sourceTree = "<group>"; };
		C94C23B729CC9FEA00ECF3EF /* Preview Assets.xcassets */ = {isa = PBXFileReference; lastKnownFileType = folder.assetcatalog; path = "Preview Assets.xcassets"; sourceTree = "<group>"; };
		C94C23C329CCD87D00ECF3EF /* LogView.swift */ = {isa = PBXFileReference; lastKnownFileType = sourcecode.swift; path = LogView.swift; sourceTree = "<group>"; };
		C94C23C629CCD8A500ECF3EF /* LogModel.swift */ = {isa = PBXFileReference; lastKnownFileType = sourcecode.swift; path = LogModel.swift; sourceTree = "<group>"; };
/* End PBXFileReference section */

/* Begin PBXFrameworksBuildPhase section */
		C94C23AA29CC9FE800ECF3EF /* Frameworks */ = {
			isa = PBXFrameworksBuildPhase;
			buildActionMask = 2147483647;
			files = (
			);
			runOnlyForDeploymentPostprocessing = 0;
		};
/* End PBXFrameworksBuildPhase section */

/* Begin PBXGroup section */
		C94C23A429CC9FE800ECF3EF = {
			isa = PBXGroup;
			children = (
				C94C23AF29CC9FE800ECF3EF /* Pointr */,
				C94C23AE29CC9FE800ECF3EF /* Products */,
			);
			sourceTree = "<group>";
		};
		C94C23AE29CC9FE800ECF3EF /* Products */ = {
			isa = PBXGroup;
			children = (
				C94C23AD29CC9FE800ECF3EF /* Pointr.app */,
			);
			name = Products;
			sourceTree = "<group>";
		};
		C94C23AF29CC9FE800ECF3EF /* Pointr */ = {
			isa = PBXGroup;
			children = (
				C94C23C229CCD87300ECF3EF /* LogView */,
				C94C23B029CC9FE800ECF3EF /* PointrApp.swift */,
				C94C23B229CC9FE800ECF3EF /* ContentView.swift */,
				C94C23B429CC9FEA00ECF3EF /* Assets.xcassets */,
				C94C23B629CC9FEA00ECF3EF /* Preview Content */,
			);
			path = Pointr;
			sourceTree = "<group>";
		};
		C94C23B629CC9FEA00ECF3EF /* Preview Content */ = {
			isa = PBXGroup;
			children = (
				C94C23B729CC9FEA00ECF3EF /* Preview Assets.xcassets */,
			);
			path = "Preview Content";
			sourceTree = "<group>";
		};
		C94C23C229CCD87300ECF3EF /* LogView */ = {
			isa = PBXGroup;
			children = (
				C94C23C529CCD89E00ECF3EF /* Model */,
				C94C23C329CCD87D00ECF3EF /* LogView.swift */,
			);
			path = LogView;
			sourceTree = "<group>";
		};
		C94C23C529CCD89E00ECF3EF /* Model */ = {
			isa = PBXGroup;
			children = (
				C94C23C629CCD8A500ECF3EF /* LogModel.swift */,
			);
			path = Model;
			sourceTree = "<group>";
		};
/* End PBXGroup section */

/* Begin PBXNativeTarget section */
		C94C23AC29CC9FE800ECF3EF /* Pointr */ = {
			isa = PBXNativeTarget;
			buildConfigurationList = C94C23BB29CC9FEA00ECF3EF /* Build configuration list for PBXNativeTarget "Pointr" */;
			buildPhases = (
				C94C23A929CC9FE800ECF3EF /* Sources */,
				C94C23AA29CC9FE800ECF3EF /* Frameworks */,
				C94C23AB29CC9FE800ECF3EF /* Resources */,
			);
			buildRules = (
			);
			dependencies = (
			);
			name = Pointr;
			productName = Pointr;
			productReference = C94C23AD29CC9FE800ECF3EF /* Pointr.app */;
			productType = "com.apple.product-type.application";
		};
/* End PBXNativeTarget section */

/* Begin PBXProject section */
		C94C23A529CC9FE800ECF3EF /* Project object */ = {
			isa = PBXProject;
			attributes = {
				BuildIndependentTargetsInParallel = 1;
				LastSwiftUpdateCheck = 1420;
				LastUpgradeCheck = 1420;
				TargetAttributes = {
					C94C23AC29CC9FE800ECF3EF = {
						CreatedOnToolsVersion = 14.2;
					};
				};
			};
			buildConfigurationList = C94C23A829CC9FE800ECF3EF /* Build configuration list for PBXProject "Pointr" */;
			compatibilityVersion = "Xcode 14.0";
			developmentRegion = en;
			hasScannedForEncodings = 0;
			knownRegions = (
				en,
				Base,
			);
			mainGroup = C94C23A429CC9FE800ECF3EF;
			productRefGroup = C94C23AE29CC9FE800ECF3EF /* Products */;
			projectDirPath = "";
			projectRoot = "";
			targets = (
				C94C23AC29CC9FE800ECF3EF /* Pointr */,
			);
		};
/* End PBXProject section */

/* Begin PBXResourcesBuildPhase section */
		C94C23AB29CC9FE800ECF3EF /* Resources */ = {
			isa = PBXResourcesBuildPhase;
			buildActionMask = 2147483647;
			files = (
				C94C23B829CC9FEA00ECF3EF /* Preview Assets.xcassets in Resources */,
				C94C23B529CC9FEA00ECF3EF /* Assets.xcassets in Resources */,
			);
			runOnlyForDeploymentPostprocessing = 0;
		};
/* End PBXResourcesBuildPhase section */

/* Begin PBXSourcesBuildPhase section */
		C94C23A929CC9FE800ECF3EF /* Sources */ = {
			isa = PBXSourcesBuildPhase;
			buildActionMask = 2147483647;
			files = (
				C94C23B329CC9FE800ECF3EF /* ContentView.swift in Sources */,
				C94C23C429CCD87D00ECF3EF /* LogView.swift in Sources */,
				C94C23C729CCD8A500ECF3EF /* LogModel.swift in Sources */,
				C94C23B129CC9FE800ECF3EF /* PointrApp.swift in Sources */,
			);
			runOnlyForDeploymentPostprocessing = 0;
		};
/* End PBXSourcesBuildPhase section */

/* Begin XCBuildConfiguration section */
		C94C23B929CC9FEA00ECF3EF /* Debug */ = {
			isa = XCBuildConfiguration;
			buildSettings = {
				ALWAYS_SEARCH_USER_PATHS = NO;
				CLANG_ANALYZER_NONNULL = YES;
				CLANG_ANALYZER_NUMBER_OBJECT_CONVERSION = YES_AGGRESSIVE;
				CLANG_CXX_LANGUAGE_STANDARD = "gnu++20";
				CLANG_ENABLE_MODULES = YES;
				CLANG_ENABLE_OBJC_ARC = YES;
				CLANG_ENABLE_OBJC_WEAK = YES;
				CLANG_WARN_BLOCK_CAPTURE_AUTORELEASING = YES;
				CLANG_WARN_BOOL_CONVERSION = YES;
				CLANG_WARN_COMMA = YES;
				CLANG_WARN_CONSTANT_CONVERSION = YES;
				CLANG_WARN_DEPRECATED_OBJC_IMPLEMENTATIONS = YES;
				CLANG_WARN_DIRECT_OBJC_ISA_USAGE = YES_ERROR;
				CLANG_WARN_DOCUMENTATION_COMMENTS = YES;
				CLANG_WARN_EMPTY_BODY = YES;
				CLANG_WARN_ENUM_CONVERSION = YES;
				CLANG_WARN_INFINITE_RECURSION = YES;
				CLANG_WARN_INT_CONVERSION = YES;
				CLANG_WARN_NON_LITERAL_NULL_CONVERSION = YES;
				CLANG_WARN_OBJC_IMPLICIT_RETAIN_SELF = YES;
				CLANG_WARN_OBJC_LITERAL_CONVERSION = YES;
				CLANG_WARN_OBJC_ROOT_CLASS = YES_ERROR;
				CLANG_WARN_QUOTED_INCLUDE_IN_FRAMEWORK_HEADER = YES;
				CLANG_WARN_RANGE_LOOP_ANALYSIS = YES;
				CLANG_WARN_STRICT_PROTOTYPES = YES;
				CLANG_WARN_SUSPICIOUS_MOVE = YES;
				CLANG_WARN_UNGUARDED_AVAILABILITY = YES_AGGRESSIVE;
				CLANG_WARN_UNREACHABLE_CODE = YES;
				CLANG_WARN__DUPLICATE_METHOD_MATCH = YES;
				COPY_PHASE_STRIP = NO;
				DEBUG_INFORMATION_FORMAT = dwarf;
				ENABLE_STRICT_OBJC_MSGSEND = YES;
				ENABLE_TESTABILITY = YES;
				GCC_C_LANGUAGE_STANDARD = gnu11;
				GCC_DYNAMIC_NO_PIC = NO;
				GCC_NO_COMMON_BLOCKS = YES;
				GCC_OPTIMIZATION_LEVEL = 0;
				GCC_PREPROCESSOR_DEFINITIONS = (
					"DEBUG=1",
					"$(inherited)",
				);
				GCC_WARN_64_TO_32_BIT_CONVERSION = YES;
				GCC_WARN_ABOUT_RETURN_TYPE = YES_ERROR;
				GCC_WARN_UNDECLARED_SELECTOR = YES;
				GCC_WARN_UNINITIALIZED_AUTOS = YES_AGGRESSIVE;
				GCC_WARN_UNUSED_FUNCTION = YES;
				GCC_WARN_UNUSED_VARIABLE = YES;
				IPHONEOS_DEPLOYMENT_TARGET = 16.2;
				MTL_ENABLE_DEBUG_INFO = INCLUDE_SOURCE;
				MTL_FAST_MATH = YES;
				ONLY_ACTIVE_ARCH = YES;
				SDKROOT = iphoneos;
				SWIFT_ACTIVE_COMPILATION_CONDITIONS = DEBUG;
				SWIFT_OPTIMIZATION_LEVEL = "-Onone";
			};
			name = Debug;
		};
		C94C23BA29CC9FEA00ECF3EF /* Release */ = {
			isa = XCBuildConfiguration;
			buildSettings = {
				ALWAYS_SEARCH_USER_PATHS = NO;
				CLANG_ANALYZER_NONNULL = YES;
				CLANG_ANALYZER_NUMBER_OBJECT_CONVERSION = YES_AGGRESSIVE;
				CLANG_CXX_LANGUAGE_STANDARD = "gnu++20";
				CLANG_ENABLE_MODULES = YES;
				CLANG_ENABLE_OBJC_ARC = YES;
				CLANG_ENABLE_OBJC_WEAK = YES;
				CLANG_WARN_BLOCK_CAPTURE_AUTORELEASING = YES;
				CLANG_WARN_BOOL_CONVERSION = YES;
				CLANG_WARN_COMMA = YES;
				CLANG_WARN_CONSTANT_CONVERSION = YES;
				CLANG_WARN_DEPRECATED_OBJC_IMPLEMENTATIONS = YES;
				CLANG_WARN_DIRECT_OBJC_ISA_USAGE = YES_ERROR;
				CLANG_WARN_DOCUMENTATION_COMMENTS = YES;
				CLANG_WARN_EMPTY_BODY = YES;
				CLANG_WARN_ENUM_CONVERSION = YES;
				CLANG_WARN_INFINITE_RECURSION = YES;
				CLANG_WARN_INT_CONVERSION = YES;
				CLANG_WARN_NON_LITERAL_NULL_CONVERSION = YES;
				CLANG_WARN_OBJC_IMPLICIT_RETAIN_SELF = YES;
				CLANG_WARN_OBJC_LITERAL_CONVERSION = YES;
				CLANG_WARN_OBJC_ROOT_CLASS = YES_ERROR;
				CLANG_WARN_QUOTED_INCLUDE_IN_FRAMEWORK_HEADER = YES;
				CLANG_WARN_RANGE_LOOP_ANALYSIS = YES;
				CLANG_WARN_STRICT_PROTOTYPES = YES;
				CLANG_WARN_SUSPICIOUS_MOVE = YES;
				CLANG_WARN_UNGUARDED_AVAILABILITY = YES_AGGRESSIVE;
				CLANG_WARN_UNREACHABLE_CODE = YES;
				CLANG_WARN__DUPLICATE_METHOD_MATCH = YES;
				COPY_PHASE_STRIP = NO;
				DEBUG_INFORMATION_FORMAT = "dwarf-with-dsym";
				ENABLE_NS_ASSERTIONS = NO;
				ENABLE_STRICT_OBJC_MSGSEND = YES;
				GCC_C_LANGUAGE_STANDARD = gnu11;
				GCC_NO_COMMON_BLOCKS = YES;
				GCC_WARN_64_TO_32_BIT_CONVERSION = YES;
				GCC_WARN_ABOUT_RETURN_TYPE = YES_ERROR;
				GCC_WARN_UNDECLARED_SELECTOR = YES;
				GCC_WARN_UNINITIALIZED_AUTOS = YES_AGGRESSIVE;
				GCC_WARN_UNUSED_FUNCTION = YES;
				GCC_WARN_UNUSED_VARIABLE = YES;
				IPHONEOS_DEPLOYMENT_TARGET = 16.2;
				MTL_ENABLE_DEBUG_INFO = NO;
				MTL_FAST_MATH = YES;
				SDKROOT = iphoneos;
				SWIFT_COMPILATION_MODE = wholemodule;
				SWIFT_OPTIMIZATION_LEVEL = "-O";
				VALIDATE_PRODUCT = YES;
			};
			name = Release;
		};
		C94C23BC29CC9FEA00ECF3EF /* Debug */ = {
			isa = XCBuildConfiguration;
			buildSettings = {
				ASSETCATALOG_COMPILER_APPICON_NAME = AppIcon;
				ASSETCATALOG_COMPILER_GLOBAL_ACCENT_COLOR_NAME = AccentColor;
				CODE_SIGN_STYLE = Automatic;
				CURRENT_PROJECT_VERSION = 1;
				DEVELOPMENT_ASSET_PATHS = "\"Pointr/Preview Content\"";
				DEVELOPMENT_TEAM = VYGZYM27PR;
				ENABLE_PREVIEWS = YES;
				GENERATE_INFOPLIST_FILE = YES;
				INFOPLIST_KEY_UIApplicationSceneManifest_Generation = YES;
				INFOPLIST_KEY_UIApplicationSupportsIndirectInputEvents = YES;
				INFOPLIST_KEY_UILaunchScreen_Generation = YES;
				INFOPLIST_KEY_UISupportedInterfaceOrientations_iPad = "UIInterfaceOrientationPortrait UIInterfaceOrientationPortraitUpsideDown UIInterfaceOrientationLandscapeLeft UIInterfaceOrientationLandscapeRight";
				INFOPLIST_KEY_UISupportedInterfaceOrientations_iPhone = "UIInterfaceOrientationPortrait UIInterfaceOrientationLandscapeLeft UIInterfaceOrientationLandscapeRight";
				LD_RUNPATH_SEARCH_PATHS = (
					"$(inherited)",
					"@executable_path/Frameworks",
				);
				MARKETING_VERSION = 1.0;
				PRODUCT_BUNDLE_IDENTIFIER = com.sirman.Pointr;
				PRODUCT_NAME = "$(TARGET_NAME)";
				SWIFT_EMIT_LOC_STRINGS = YES;
				SWIFT_VERSION = 5.0;
				TARGETED_DEVICE_FAMILY = "1,2";
			};
			name = Debug;
		};
		C94C23BD29CC9FEA00ECF3EF /* Release */ = {
			isa = XCBuildConfiguration;
			buildSettings = {
				ASSETCATALOG_COMPILER_APPICON_NAME = AppIcon;
				ASSETCATALOG_COMPILER_GLOBAL_ACCENT_COLOR_NAME = AccentColor;
				CODE_SIGN_STYLE = Automatic;
				CURRENT_PROJECT_VERSION = 1;
				DEVELOPMENT_ASSET_PATHS = "\"Pointr/Preview Content\"";
				DEVELOPMENT_TEAM = VYGZYM27PR;
				ENABLE_PREVIEWS = YES;
				GENERATE_INFOPLIST_FILE = YES;
				INFOPLIST_KEY_UIApplicationSceneManifest_Generation = YES;
				INFOPLIST_KEY_UIApplicationSupportsIndirectInputEvents = YES;
				INFOPLIST_KEY_UILaunchScreen_Generation = YES;
				INFOPLIST_KEY_UISupportedInterfaceOrientations_iPad = "UIInterfaceOrientationPortrait UIInterfaceOrientationPortraitUpsideDown UIInterfaceOrientationLandscapeLeft UIInterfaceOrientationLandscapeRight";
				INFOPLIST_KEY_UISupportedInterfaceOrientations_iPhone = "UIInterfaceOrientationPortrait UIInterfaceOrientationLandscapeLeft UIInterfaceOrientationLandscapeRight";
				LD_RUNPATH_SEARCH_PATHS = (
					"$(inherited)",
					"@executable_path/Frameworks",
				);
				MARKETING_VERSION = 1.0;
				PRODUCT_BUNDLE_IDENTIFIER = com.sirman.Pointr;
				PRODUCT_NAME = "$(TARGET_NAME)";
				SWIFT_EMIT_LOC_STRINGS = YES;
				SWIFT_VERSION = 5.0;
				TARGETED_DEVICE_FAMILY = "1,2";
			};
			name = Release;
		};
/* End XCBuildConfiguration section */

/* Begin XCConfigurationList section */
		C94C23A829CC9FE800ECF3EF /* Build configuration list for PBXProject "Pointr" */ = {
			isa = XCConfigurationList;
			buildConfigurations = (
				C94C23B929CC9FEA00ECF3EF /* Debug */,
				C94C23BA29CC9FEA00ECF3EF /* Release */,
			);
			defaultConfigurationIsVisible = 0;
			defaultConfigurationName = Release;
		};
		C94C23BB29CC9FEA00ECF3EF /* Build configuration list for PBXNativeTarget "Pointr" */ = {
			isa = XCConfigurationList;
			buildConfigurations = (
				C94C23BC29CC9FEA00ECF3EF /* Debug */,
				C94C23BD29CC9FEA00ECF3EF /* Release */,
			);
			defaultConfigurationIsVisible = 0;
			defaultConfigurationName = Release;
		};
/* End XCConfigurationList section */
	};
	rootObject = C94C23A529CC9FE800ECF3EF /* Project object */;
}
